
Microsoft Visual Studio Solution File, Format Version 12.00
# Visual Studio 15
VisualStudioVersion = 15.0.28010.2048
MinimumVisualStudioVersion = 10.0.40219.1
Project("{FAE04EC0-301F-11D3-BF4B-00C04F79EFBC}") = "Lesson3", "Lesson3\Lesson3.csproj", "{249F48D3-F73B-4F80-9F08-E0C35A5E2639}"
EndProject
Global
	GlobalSection(SolutionConfigurationPlatforms) = preSolution
		Debug|Any CPU = Debug|Any CPU
		Release|Any CPU = Release|Any CPU
	EndGlobalSection
	GlobalSection(ProjectConfigurationPlatforms) = postSolution
		{249F48D3-F73B-4F80-9F08-E0C35A5E2639}.Debug|Any CPU.ActiveCfg = Debug|Any CPU
		{249F48D3-F73B-4F80-9F08-E0C35A5E2639}.Debug|Any CPU.Build.0 = Debug|Any CPU
		{249F48D3-F73B-4F80-9F08-E0C35A5E2639}.Release|Any CPU.ActiveCfg = Release|Any CPU
		{249F48D3-F73B-4F80-9F08-E0C35A5E2639}.Release|Any CPU.Build.0 = Release|Any CPU
	EndGlobalSection
	GlobalSection(SolutionProperties) = preSolution
		HideSolutionNode = FALSE
	EndGlobalSection
	GlobalSection(ExtensibilityGlobals) = postSolution
		SolutionGuid = {BFBD3593-3108-4904-97E4-5C66B6E2B536}
	EndGlobalSection
EndGlobal
